
Microsoft Visual Studio Solution File, Format Version 12.00
# Visual Studio Version 17
VisualStudioVersion = 17.0.31903.59
MinimumVisualStudioVersion = 10.0.40219.1
Project("{FAE04EC0-301F-11D3-BF4B-00C04F79EFBC}") = "ApexRestaurant.Services", "ApexRestaurant.Services\ApexRestaurant.Services.csproj", "{D0573F86-4AB9-4A00-A699-0218323759A9}"
EndProject
Project("{FAE04EC0-301F-11D3-BF4B-00C04F79EFBC}") = "ApexRestaurant.Repository", "ApexRestaurant.Repository\ApexRestaurant.Repository.csproj", "{3BC97379-BA2D-4381-927D-DA859F9BCF96}"
EndProject
Project("{FAE04EC0-301F-11D3-BF4B-00C04F79EFBC}") = "ApexRestaurant.Api", "ApexRestaurant.Api\ApexRestaurant.Api.csproj", "{01F01012-7EE0-407B-87E9-574090E50A63}"
EndProject
Global
	GlobalSection(SolutionConfigurationPlatforms) = preSolution
		Debug|Any CPU = Debug|Any CPU
		Release|Any CPU = Release|Any CPU
	EndGlobalSection
	GlobalSection(SolutionProperties) = preSolution
		HideSolutionNode = FALSE
	EndGlobalSection
	GlobalSection(ProjectConfigurationPlatforms) = postSolution
		{D0573F86-4AB9-4A00-A699-0218323759A9}.Debug|Any CPU.ActiveCfg = Debug|Any CPU
		{D0573F86-4AB9-4A00-A699-0218323759A9}.Debug|Any CPU.Build.0 = Debug|Any CPU
		{D0573F86-4AB9-4A00-A699-0218323759A9}.Release|Any CPU.ActiveCfg = Release|Any CPU
		{D0573F86-4AB9-4A00-A699-0218323759A9}.Release|Any CPU.Build.0 = Release|Any CPU
		{3BC97379-BA2D-4381-927D-DA859F9BCF96}.Debug|Any CPU.ActiveCfg = Debug|Any CPU
		{3BC97379-BA2D-4381-927D-DA859F9BCF96}.Debug|Any CPU.Build.0 = Debug|Any CPU
		{3BC97379-BA2D-4381-927D-DA859F9BCF96}.Release|Any CPU.ActiveCfg = Release|Any CPU
		{3BC97379-BA2D-4381-927D-DA859F9BCF96}.Release|Any CPU.Build.0 = Release|Any CPU
		{01F01012-7EE0-407B-87E9-574090E50A63}.Debug|Any CPU.ActiveCfg = Debug|Any CPU
		{01F01012-7EE0-407B-87E9-574090E50A63}.Debug|Any CPU.Build.0 = Debug|Any CPU
		{01F01012-7EE0-407B-87E9-574090E50A63}.Release|Any CPU.ActiveCfg = Release|Any CPU
		{01F01012-7EE0-407B-87E9-574090E50A63}.Release|Any CPU.Build.0 = Release|Any CPU
	EndGlobalSection
EndGlobal
